
Microsoft Visual Studio Solution File, Format Version 12.00
# Visual Studio Version 17
VisualStudioVersion = 17.13.35931.197 d17.13
MinimumVisualStudioVersion = 10.0.40219.1
Project("{FAE04EC0-301F-11D3-BF4B-00C04F79EFBC}") = "CryptoScreener", "CryptoScreener\CryptoScreener.csproj", "{437E3CDD-1816-455C-930A-611C414E2E44}"
EndProject
Global
	GlobalSection(SolutionConfigurationPlatforms) = preSolution
		Debug|Any CPU = Debug|Any CPU
		Release|Any CPU = Release|Any CPU
	EndGlobalSection
	GlobalSection(ProjectConfigurationPlatforms) = postSolution
		{437E3CDD-1816-455C-930A-611C414E2E44}.Debug|Any CPU.ActiveCfg = Debug|Any CPU
		{437E3CDD-1816-455C-930A-611C414E2E44}.Debug|Any CPU.Build.0 = Debug|Any CPU
		{437E3CDD-1816-455C-930A-611C414E2E44}.Release|Any CPU.ActiveCfg = Release|Any CPU
		{437E3CDD-1816-455C-930A-611C414E2E44}.Release|Any CPU.Build.0 = Release|Any CPU
	EndGlobalSection
	GlobalSection(SolutionProperties) = preSolution
		HideSolutionNode = FALSE
	EndGlobalSection
	GlobalSection(ExtensibilityGlobals) = postSolution
		SolutionGuid = {BF981CCD-81C0-410D-8A17-02A9AF4FF2FF}
	EndGlobalSection
EndGlobal
